# This file is automatically @generated by Poetry 1.6.1 and should not be changed by hand.

[[package]]
name = "prettytable"
version = "3.9.0"
description = "A simple Python library for easily displaying tabular data in a visually appealing ASCII table format"
optional = false
python-versions = ">=3.8"
files = [
    {file = "prettytable-3.9.0-py3-none-any.whl", hash = "sha256:a71292ab7769a5de274b146b276ce938786f56c31cf7cea88b6f3775d82fe8c8"},
    {file = "prettytable-3.9.0.tar.gz", hash = "sha256:f4ed94803c23073a90620b201965e5dc0bccf1760b7a7eaf3158cab8aaffdf34"},
]

[package.dependencies]
wcwidth = "*"

[package.extras]
tests = ["pytest", "pytest-cov", "pytest-lazy-fixture"]

[[package]]
name = "wcwidth"
version = "0.2.10"
description = "Measures the displayed width of unicode strings in a terminal"
optional = false
python-versions = "*"
files = [
    {file = "wcwidth-0.2.10-py2.py3-none-any.whl", hash = "sha256:aec5179002dd0f0d40c456026e74a729661c9d468e1ed64405e3a6c2176ca36f"},
    {file = "wcwidth-0.2.10.tar.gz", hash = "sha256:390c7454101092a6a5e43baad8f83de615463af459201709556b6e4b1c861f97"},
]

[metadata]
lock-version = "2.0"
python-versions = "^3.12"
content-hash = "ffd562d86066eb2cf3bb87ee1fa7de08761422bd51ee781c4a0c501e6acae7ec"
